
Microsoft Visual Studio Solution File, Format Version 12.00
# Visual Studio Version 17
VisualStudioVersion = 17.5.002.0
MinimumVisualStudioVersion = 10.0.40219.1
Project("{9A19103F-16F7-4668-BE54-9A1E7A4F7556}") = "ExemploExplorando", "ExemploExplorando.csproj", "{4194F9F6-BFC1-4E6F-B11C-046899362D55}"
EndProject
Global
	GlobalSection(SolutionConfigurationPlatforms) = preSolution
		Debug|Any CPU = Debug|Any CPU
		Release|Any CPU = Release|Any CPU
	EndGlobalSection
	GlobalSection(ProjectConfigurationPlatforms) = postSolution
		{4194F9F6-BFC1-4E6F-B11C-046899362D55}.Debug|Any CPU.ActiveCfg = Debug|Any CPU
		{4194F9F6-BFC1-4E6F-B11C-046899362D55}.Debug|Any CPU.Build.0 = Debug|Any CPU
		{4194F9F6-BFC1-4E6F-B11C-046899362D55}.Release|Any CPU.ActiveCfg = Release|Any CPU
		{4194F9F6-BFC1-4E6F-B11C-046899362D55}.Release|Any CPU.Build.0 = Release|Any CPU
	EndGlobalSection
	GlobalSection(SolutionProperties) = preSolution
		HideSolutionNode = FALSE
	EndGlobalSection
	GlobalSection(ExtensibilityGlobals) = postSolution
		SolutionGuid = {6272A73A-7D0A-40A4-96D1-97D28B3BC42F}
	EndGlobalSection
EndGlobal
